
Microsoft Visual Studio Solution File, Format Version 12.00
# Visual Studio Version 17
VisualStudioVersion = 17.3.32825.248
MinimumVisualStudioVersion = 10.0.40219.1
Project("{FAE04EC0-301F-11D3-BF4B-00C04F79EFBC}") = "ProgrammNetCore6", "ProgrammNetCore6\ProgrammNetCore6.csproj", "{7EC11FA9-3691-452F-9A89-E2CFB3F90215}"
EndProject
Global
	GlobalSection(SolutionConfigurationPlatforms) = preSolution
		Debug|Any CPU = Debug|Any CPU
		Release|Any CPU = Release|Any CPU
	EndGlobalSection
	GlobalSection(ProjectConfigurationPlatforms) = postSolution
		{7EC11FA9-3691-452F-9A89-E2CFB3F90215}.Debug|Any CPU.ActiveCfg = Debug|Any CPU
		{7EC11FA9-3691-452F-9A89-E2CFB3F90215}.Debug|Any CPU.Build.0 = Debug|Any CPU
		{7EC11FA9-3691-452F-9A89-E2CFB3F90215}.Release|Any CPU.ActiveCfg = Release|Any CPU
		{7EC11FA9-3691-452F-9A89-E2CFB3F90215}.Release|Any CPU.Build.0 = Release|Any CPU
	EndGlobalSection
	GlobalSection(SolutionProperties) = preSolution
		HideSolutionNode = FALSE
	EndGlobalSection
	GlobalSection(ExtensibilityGlobals) = postSolution
		SolutionGuid = {9B69EAC8-B4BF-400C-A31C-DDD87647A2BB}
	EndGlobalSection
EndGlobal
